
Microsoft Visual Studio Solution File, Format Version 12.00
# Visual Studio 15
VisualStudioVersion = 15.0.27703.2042
MinimumVisualStudioVersion = 10.0.40219.1
Project("{FAE04EC0-301F-11D3-BF4B-00C04F79EFBC}") = "FirstWebApplication", "FirstWebApplication\FirstWebApplication.csproj", "{93F8DEE1-D698-48F8-BBEF-6740A8EAC87A}"
EndProject
Global
	GlobalSection(SolutionConfigurationPlatforms) = preSolution
		Debug|Any CPU = Debug|Any CPU
		Release|Any CPU = Release|Any CPU
	EndGlobalSection
	GlobalSection(ProjectConfigurationPlatforms) = postSolution
		{93F8DEE1-D698-48F8-BBEF-6740A8EAC87A}.Debug|Any CPU.ActiveCfg = Debug|Any CPU
		{93F8DEE1-D698-48F8-BBEF-6740A8EAC87A}.Debug|Any CPU.Build.0 = Debug|Any CPU
		{93F8DEE1-D698-48F8-BBEF-6740A8EAC87A}.Release|Any CPU.ActiveCfg = Release|Any CPU
		{93F8DEE1-D698-48F8-BBEF-6740A8EAC87A}.Release|Any CPU.Build.0 = Release|Any CPU
	EndGlobalSection
	GlobalSection(SolutionProperties) = preSolution
		HideSolutionNode = FALSE
	EndGlobalSection
	GlobalSection(ExtensibilityGlobals) = postSolution
		SolutionGuid = {2138788C-0E04-4D05-BE4F-28D0D9F52230}
	EndGlobalSection
EndGlobal
